<Solution>
  <Project Path="../PDFDownloader.Core/PDFDownloader.Core.csproj" Id="2bf5553a-cda2-49d8-b47c-bcd0b812aa6b" />
  <Project Path="../PDFDownloader.Infrastructure/PDFDownloader.Infrastructure.csproj" Id="e31c8bd2-8321-4d3d-b3b1-b23505e28030" />
  <Project Path="PDFDownloader.UI.csproj" />
</Solution>
